
Microsoft Visual Studio Solution File, Format Version 12.00
# Visual Studio Version 17
VisualStudioVersion = 17.8.34309.116
MinimumVisualStudioVersion = 10.0.40219.1
Project("{FAE04EC0-301F-11D3-BF4B-00C04F79EFBC}") = "Emitter.Sample", "Emitter.Sample\Emitter.Sample.csproj", "{4BAE6AD4-ED2F-4F05-B822-266AF9FC5ADE}"
EndProject
Project("{9A19103F-16F7-4668-BE54-9A1E7A4F7556}") = "Emitter", "Emitter\Emitter.csproj", "{A09DED60-2551-452F-936F-53862F22A79C}"
EndProject
Project("{9A19103F-16F7-4668-BE54-9A1E7A4F7556}") = "Tests", "Tests\Tests.csproj", "{066C1A0D-599D-4D1B-B87C-83DFD0CBA5D2}"
EndProject
Project("{FAE04EC0-301F-11D3-BF4B-00C04F79EFBC}") = "Emitter.Net481", "Emitter.Projects\Emitter.Net481.csproj", "{07577490-A48D-46CD-AAF5-8F7A90B12E2B}"
EndProject
Global
	GlobalSection(SolutionConfigurationPlatforms) = preSolution
		Debug|Any CPU = Debug|Any CPU
		Release|Any CPU = Release|Any CPU
	EndGlobalSection
	GlobalSection(ProjectConfigurationPlatforms) = postSolution
		{4BAE6AD4-ED2F-4F05-B822-266AF9FC5ADE}.Debug|Any CPU.ActiveCfg = Debug|Any CPU
		{4BAE6AD4-ED2F-4F05-B822-266AF9FC5ADE}.Debug|Any CPU.Build.0 = Debug|Any CPU
		{4BAE6AD4-ED2F-4F05-B822-266AF9FC5ADE}.Release|Any CPU.ActiveCfg = Release|Any CPU
		{4BAE6AD4-ED2F-4F05-B822-266AF9FC5ADE}.Release|Any CPU.Build.0 = Release|Any CPU
		{A09DED60-2551-452F-936F-53862F22A79C}.Debug|Any CPU.ActiveCfg = Debug|Any CPU
		{A09DED60-2551-452F-936F-53862F22A79C}.Debug|Any CPU.Build.0 = Debug|Any CPU
		{A09DED60-2551-452F-936F-53862F22A79C}.Release|Any CPU.ActiveCfg = Release|Any CPU
		{A09DED60-2551-452F-936F-53862F22A79C}.Release|Any CPU.Build.0 = Release|Any CPU
		{066C1A0D-599D-4D1B-B87C-83DFD0CBA5D2}.Debug|Any CPU.ActiveCfg = Debug|Any CPU
		{066C1A0D-599D-4D1B-B87C-83DFD0CBA5D2}.Debug|Any CPU.Build.0 = Debug|Any CPU
		{066C1A0D-599D-4D1B-B87C-83DFD0CBA5D2}.Release|Any CPU.ActiveCfg = Release|Any CPU
		{066C1A0D-599D-4D1B-B87C-83DFD0CBA5D2}.Release|Any CPU.Build.0 = Release|Any CPU
		{07577490-A48D-46CD-AAF5-8F7A90B12E2B}.Debug|Any CPU.ActiveCfg = Debug|Any CPU
		{07577490-A48D-46CD-AAF5-8F7A90B12E2B}.Debug|Any CPU.Build.0 = Debug|Any CPU
		{07577490-A48D-46CD-AAF5-8F7A90B12E2B}.Release|Any CPU.ActiveCfg = Release|Any CPU
		{07577490-A48D-46CD-AAF5-8F7A90B12E2B}.Release|Any CPU.Build.0 = Release|Any CPU
	EndGlobalSection
	GlobalSection(SolutionProperties) = preSolution
		HideSolutionNode = FALSE
	EndGlobalSection
	GlobalSection(ExtensibilityGlobals) = postSolution
		SolutionGuid = {F2550538-A672-43C5-8854-824470E63AA6}
	EndGlobalSection
EndGlobal
